
Microsoft Visual Studio Solution File, Format Version 12.00
# Visual Studio Version 17
VisualStudioVersion = 17.5.33424.131
MinimumVisualStudioVersion = 10.0.40219.1
Project("{FAE04EC0-301F-11D3-BF4B-00C04F79EFBC}") = "Homework-One", "Homework-One\Homework-One.csproj", "{EF575EDA-D0BF-46E7-BB93-6F37005EA402}"
EndProject
Project("{FAE04EC0-301F-11D3-BF4B-00C04F79EFBC}") = "Homework-One-Task2", "Homework-One-First\Homework-One-Task2.csproj", "{FB666BED-8019-4B4C-82F1-20596FA01018}"
EndProject
Global
	GlobalSection(SolutionConfigurationPlatforms) = preSolution
		Debug|Any CPU = Debug|Any CPU
		Release|Any CPU = Release|Any CPU
	EndGlobalSection
	GlobalSection(ProjectConfigurationPlatforms) = postSolution
		{EF575EDA-D0BF-46E7-BB93-6F37005EA402}.Debug|Any CPU.ActiveCfg = Debug|Any CPU
		{EF575EDA-D0BF-46E7-BB93-6F37005EA402}.Debug|Any CPU.Build.0 = Debug|Any CPU
		{EF575EDA-D0BF-46E7-BB93-6F37005EA402}.Release|Any CPU.ActiveCfg = Release|Any CPU
		{EF575EDA-D0BF-46E7-BB93-6F37005EA402}.Release|Any CPU.Build.0 = Release|Any CPU
		{FB666BED-8019-4B4C-82F1-20596FA01018}.Debug|Any CPU.ActiveCfg = Debug|Any CPU
		{FB666BED-8019-4B4C-82F1-20596FA01018}.Debug|Any CPU.Build.0 = Debug|Any CPU
		{FB666BED-8019-4B4C-82F1-20596FA01018}.Release|Any CPU.ActiveCfg = Release|Any CPU
		{FB666BED-8019-4B4C-82F1-20596FA01018}.Release|Any CPU.Build.0 = Release|Any CPU
	EndGlobalSection
	GlobalSection(SolutionProperties) = preSolution
		HideSolutionNode = FALSE
	EndGlobalSection
	GlobalSection(ExtensibilityGlobals) = postSolution
		SolutionGuid = {E3562817-9450-4669-8745-81CEC28A6266}
	EndGlobalSection
EndGlobal
